name: refresh-uv-lock

on:
  push:
    paths:
      - "pyproject.toml"
      - ".github/workflows/refresh-uv-lock.yml"
  workflow_dispatch:

permissions:
  contents: write

concurrency:
  group: refresh-uv-lock-${{ github.ref }}
  cancel-in-progress: true

jobs:
  lock:
    if: github.actor != 'github-actions[bot]'
    runs-on: ubuntu-latest
    steps:
      - uses: actions/checkout@11d5960a326750d5838078e36cf38b85af677262 # v4
      - name: Install uv
        uses: astral-sh/setup-uv@c771a70e6277c0a99b617c7a806ffedaca235ff9 # v9.0.0
        with:
          version: "0.12.10"
          python-version: "3.11"
          enable-cache: true
      - name: Refresh lockfile
        run: uv lock
      - name: Commit lockfile
        run: |
          if git diff --quiet -- uv.lock; then
            echo "uv.lock is already up to date"
            exit 0
          fi
          git config user.name "github-actions[bot]"
          git config user.email "41898282+github-actions[bot]@users.noreply.github.com"
          git add uv.lock
          git commit -m "Refresh uv lockfile"
          git push
